
Microsoft Visual Studio Solution File, Format Version 12.00
# Visual Studio Version 17
VisualStudioVersion = 17.5.33530.505
MinimumVisualStudioVersion = 10.0.40219.1
Project("{8BC9CEB8-8B4A-11D0-8D11-00A0C91BC942}") = "Client", "Client\Default\Client.vcxproj", "{0B03BB35-E9EF-49B5-8085-6C12E9B8D53D}"
EndProject
Project("{8BC9CEB8-8B4A-11D0-8D11-00A0C91BC942}") = "Engine", "Engine\Default\Engine.vcxproj", "{30E7469C-122E-4EA6-BD13-B83A9A4A08D0}"
EndProject
Project("{8BC9CEB8-8B4A-11D0-8D11-00A0C91BC942}") = "MapEditor", "MapEditor\Default\MapEditor.vcxproj", "{B13CD3E5-C6B2-4D60-8914-E48766F85D26}"
EndProject
Project("{8BC9CEB8-8B4A-11D0-8D11-00A0C91BC942}") = "FBX_Converter", "FBX_Converter\Default\FBX_Converter.vcxproj", "{D6865D0D-42F6-46D8-B243-5443A9348E73}"
EndProject
Global
	GlobalSection(SolutionConfigurationPlatforms) = preSolution
		checked|Win32 = checked|Win32
		checked|x64 = checked|x64
		checked|x86 = checked|x86
		Debug|Win32 = Debug|Win32
		Debug|x64 = Debug|x64
		Debug|x86 = Debug|x86
		profile|Win32 = profile|Win32
		profile|x64 = profile|x64
		profile|x86 = profile|x86
		Release|Win32 = Release|Win32
		Release|x64 = Release|x64
		Release|x86 = Release|x86
	EndGlobalSection
	GlobalSection(ProjectConfigurationPlatforms) = postSolution
		{0B03BB35-E9EF-49B5-8085-6C12E9B8D53D}.checked|Win32.ActiveCfg = Debug|Win32
		{0B03BB35-E9EF-49B5-8085-6C12E9B8D53D}.checked|Win32.Build.0 = Debug|Win32
		{0B03BB35-E9EF-49B5-8085-6C12E9B8D53D}.checked|x64.ActiveCfg = Release|x64
		{0B03BB35-E9EF-49B5-8085-6C12E9B8D53D}.checked|x64.Build.0 = Release|x64
		{0B03BB35-E9EF-49B5-8085-6C12E9B8D53D}.checked|x86.ActiveCfg = Debug|Win32
		{0B03BB35-E9EF-49B5-8085-6C12E9B8D53D}.checked|x86.Build.0 = Debug|Win32
		{0B03BB35-E9EF-49B5-8085-6C12E9B8D53D}.Debug|Win32.ActiveCfg = Debug|x64
		{0B03BB35-E9EF-49B5-8085-6C12E9B8D53D}.Debug|Win32.Build.0 = Debug|x64
		{0B03BB35-E9EF-49B5-8085-6C12E9B8D53D}.Debug|x64.ActiveCfg = Debug|x64
		{0B03BB35-E9EF-49B5-8085-6C12E9B8D53D}.Debug|x64.Build.0 = Debug|x64
		{0B03BB35-E9EF-49B5-8085-6C12E9B8D53D}.Debug|x86.ActiveCfg = Debug|x64
		{0B03BB35-E9EF-49B5-8085-6C12E9B8D53D}.profile|Win32.ActiveCfg = Debug|Win32
		{0B03BB35-E9EF-49B5-8085-6C12E9B8D53D}.profile|Win32.Build.0 = Debug|Win32
		{0B03BB35-E9EF-49B5-8085-6C12E9B8D53D}.profile|x64.ActiveCfg = Release|x64
		{0B03BB35-E9EF-49B5-8085-6C12E9B8D53D}.profile|x64.Build.0 = Release|x64
		{0B03BB35-E9EF-49B5-8085-6C12E9B8D53D}.profile|x86.ActiveCfg = Debug|Win32
		{0B03BB35-E9EF-49B5-8085-6C12E9B8D53D}.profile|x86.Build.0 = Debug|Win32
		{0B03BB35-E9EF-49B5-8085-6C12E9B8D53D}.Release|Win32.ActiveCfg = Release|x64
		{0B03BB35-E9EF-49B5-8085-6C12E9B8D53D}.Release|Win32.Build.0 = Release|x64
		{0B03BB35-E9EF-49B5-8085-6C12E9B8D53D}.Release|x64.ActiveCfg = Release|x64
		{0B03BB35-E9EF-49B5-8085-6C12E9B8D53D}.Release|x64.Build.0 = Release|x64
		{0B03BB35-E9EF-49B5-8085-6C12E9B8D53D}.Release|x86.ActiveCfg = Release|x64
		{30E7469C-122E-4EA6-BD13-B83A9A4A08D0}.checked|Win32.ActiveCfg = Release|x64
		{30E7469C-122E-4EA6-BD13-B83A9A4A08D0}.checked|Win32.Build.0 = Release|x64
		{30E7469C-122E-4EA6-BD13-B83A9A4A08D0}.checked|x64.ActiveCfg = Release|x64
		{30E7469C-122E-4EA6-BD13-B83A9A4A08D0}.checked|x64.Build.0 = Release|x64
		{30E7469C-122E-4EA6-BD13-B83A9A4A08D0}.checked|x86.ActiveCfg = Release|x64
		{30E7469C-122E-4EA6-BD13-B83A9A4A08D0}.checked|x86.Build.0 = Release|x64
		{30E7469C-122E-4EA6-BD13-B83A9A4A08D0}.Debug|Win32.ActiveCfg = Debug|x64
		{30E7469C-122E-4EA6-BD13-B83A9A4A08D0}.Debug|Win32.Build.0 = Debug|x64
		{30E7469C-122E-4EA6-BD13-B83A9A4A08D0}.Debug|x64.ActiveCfg = Debug|x64
		{30E7469C-122E-4EA6-BD13-B83A9A4A08D0}.Debug|x64.Build.0 = Debug|x64
		{30E7469C-122E-4EA6-BD13-B83A9A4A08D0}.Debug|x86.ActiveCfg = Debug|x64
		{30E7469C-122E-4EA6-BD13-B83A9A4A08D0}.profile|Win32.ActiveCfg = Release|x64
		{30E7469C-122E-4EA6-BD13-B83A9A4A08D0}.profile|Win32.Build.0 = Release|x64
		{30E7469C-122E-4EA6-BD13-B83A9A4A08D0}.profile|x64.ActiveCfg = Release|x64
		{30E7469C-122E-4EA6-BD13-B83A9A4A08D0}.profile|x64.Build.0 = Release|x64
		{30E7469C-122E-4EA6-BD13-B83A9A4A08D0}.profile|x86.ActiveCfg = Release|x64
		{30E7469C-122E-4EA6-BD13-B83A9A4A08D0}.profile|x86.Build.0 = Release|x64
		{30E7469C-122E-4EA6-BD13-B83A9A4A08D0}.Release|Win32.ActiveCfg = Release|x64
		{30E7469C-122E-4EA6-BD13-B83A9A4A08D0}.Release|Win32.Build.0 = Release|x64
		{30E7469C-122E-4EA6-BD13-B83A9A4A08D0}.Release|x64.ActiveCfg = Release|x64
		{30E7469C-122E-4EA6-BD13-B83A9A4A08D0}.Release|x64.Build.0 = Release|x64
		{30E7469C-122E-4EA6-BD13-B83A9A4A08D0}.Release|x86.ActiveCfg = Release|x64
		{B13CD3E5-C6B2-4D60-8914-E48766F85D26}.checked|Win32.ActiveCfg = Release|Win32
		{B13CD3E5-C6B2-4D60-8914-E48766F85D26}.checked|Win32.Build.0 = Release|Win32
		{B13CD3E5-C6B2-4D60-8914-E48766F85D26}.checked|x64.ActiveCfg = Release|x64
		{B13CD3E5-C6B2-4D60-8914-E48766F85D26}.checked|x64.Build.0 = Release|x64
		{B13CD3E5-C6B2-4D60-8914-E48766F85D26}.checked|x86.ActiveCfg = Release|Win32
		{B13CD3E5-C6B2-4D60-8914-E48766F85D26}.checked|x86.Build.0 = Release|Win32
		{B13CD3E5-C6B2-4D60-8914-E48766F85D26}.Debug|Win32.ActiveCfg = Debug|Win32
		{B13CD3E5-C6B2-4D60-8914-E48766F85D26}.Debug|Win32.Build.0 = Debug|Win32
		{B13CD3E5-C6B2-4D60-8914-E48766F85D26}.Debug|x64.ActiveCfg = Debug|x64
		{B13CD3E5-C6B2-4D60-8914-E48766F85D26}.Debug|x64.Build.0 = Debug|x64
		{B13CD3E5-C6B2-4D60-8914-E48766F85D26}.Debug|x86.ActiveCfg = Debug|Win32
		{B13CD3E5-C6B2-4D60-8914-E48766F85D26}.Debug|x86.Build.0 = Debug|Win32
		{B13CD3E5-C6B2-4D60-8914-E48766F85D26}.profile|Win32.ActiveCfg = Release|Win32
		{B13CD3E5-C6B2-4D60-8914-E48766F85D26}.profile|Win32.Build.0 = Release|Win32
		{B13CD3E5-C6B2-4D60-8914-E48766F85D26}.profile|x64.ActiveCfg = Release|x64
		{B13CD3E5-C6B2-4D60-8914-E48766F85D26}.profile|x64.Build.0 = Release|x64
		{B13CD3E5-C6B2-4D60-8914-E48766F85D26}.profile|x86.ActiveCfg = Release|Win32
		{B13CD3E5-C6B2-4D60-8914-E48766F85D26}.profile|x86.Build.0 = Release|Win32
		{B13CD3E5-C6B2-4D60-8914-E48766F85D26}.Release|Win32.ActiveCfg = Release|Win32
		{B13CD3E5-C6B2-4D60-8914-E48766F85D26}.Release|Win32.Build.0 = Release|Win32
		{B13CD3E5-C6B2-4D60-8914-E48766F85D26}.Release|x64.ActiveCfg = Release|x64
		{B13CD3E5-C6B2-4D60-8914-E48766F85D26}.Release|x64.Build.0 = Release|x64
		{B13CD3E5-C6B2-4D60-8914-E48766F85D26}.Release|x86.ActiveCfg = Release|Win32
		{B13CD3E5-C6B2-4D60-8914-E48766F85D26}.Release|x86.Build.0 = Release|Win32
		{D6865D0D-42F6-46D8-B243-5443A9348E73}.checked|Win32.ActiveCfg = Release|Win32
		{D6865D0D-42F6-46D8-B243-5443A9348E73}.checked|Win32.Build.0 = Release|Win32
		{D6865D0D-42F6-46D8-B243-5443A9348E73}.checked|x64.ActiveCfg = Release|x64
		{D6865D0D-42F6-46D8-B243-5443A9348E73}.checked|x64.Build.0 = Release|x64
		{D6865D0D-42F6-46D8-B243-5443A9348E73}.checked|x86.ActiveCfg = Release|Win32
		{D6865D0D-42F6-46D8-B243-5443A9348E73}.checked|x86.Build.0 = Release|Win32
		{D6865D0D-42F6-46D8-B243-5443A9348E73}.Debug|Win32.ActiveCfg = Debug|Win32
		{D6865D0D-42F6-46D8-B243-5443A9348E73}.Debug|Win32.Build.0 = Debug|Win32
		{D6865D0D-42F6-46D8-B243-5443A9348E73}.Debug|x64.ActiveCfg = Debug|x64
		{D6865D0D-42F6-46D8-B243-5443A9348E73}.Debug|x64.Build.0 = Debug|x64
		{D6865D0D-42F6-46D8-B243-5443A9348E73}.Debug|x86.ActiveCfg = Debug|Win32
		{D6865D0D-42F6-46D8-B243-5443A9348E73}.Debug|x86.Build.0 = Debug|Win32
		{D6865D0D-42F6-46D8-B243-5443A9348E73}.profile|Win32.ActiveCfg = Release|Win32
		{D6865D0D-42F6-46D8-B243-5443A9348E73}.profile|Win32.Build.0 = Release|Win32
		{D6865D0D-42F6-46D8-B243-5443A9348E73}.profile|x64.ActiveCfg = Release|x64
		{D6865D0D-42F6-46D8-B243-5443A9348E73}.profile|x64.Build.0 = Release|x64
		{D6865D0D-42F6-46D8-B243-5443A9348E73}.profile|x86.ActiveCfg = Release|Win32
		{D6865D0D-42F6-46D8-B243-5443A9348E73}.profile|x86.Build.0 = Release|Win32
		{D6865D0D-42F6-46D8-B243-5443A9348E73}.Release|Win32.ActiveCfg = Release|Win32
		{D6865D0D-42F6-46D8-B243-5443A9348E73}.Release|Win32.Build.0 = Release|Win32
		{D6865D0D-42F6-46D8-B243-5443A9348E73}.Release|x64.ActiveCfg = Release|x64
		{D6865D0D-42F6-46D8-B243-5443A9348E73}.Release|x64.Build.0 = Release|x64
		{D6865D0D-42F6-46D8-B243-5443A9348E73}.Release|x86.ActiveCfg = Release|Win32
		{D6865D0D-42F6-46D8-B243-5443A9348E73}.Release|x86.Build.0 = Release|Win32
	EndGlobalSection
	GlobalSection(SolutionProperties) = preSolution
		HideSolutionNode = FALSE
	EndGlobalSection
	GlobalSection(ExtensibilityGlobals) = postSolution
		SolutionGuid = {64490A38-8D07-4271-BE3E-7F88CEB09623}
	EndGlobalSection
EndGlobal
