<?xml version="1.0" encoding="utf-8"?>
<Project ToolsVersion="4.0" xmlns="http://schemas.microsoft.com/developer/msbuild/2003">
  <ItemGroup>
    <Filter Include="99.Headers">
      <UniqueIdentifier>{4c7e0d40-da79-4c06-a758-a09334bdb030}</UniqueIdentifier>
    </Filter>
    <Filter Include="98.Default">
      <UniqueIdentifier>{564e347a-3533-46a9-ab01-2f314315b328}</UniqueIdentifier>
    </Filter>
    <Filter Include="00.MainApp">
      <UniqueIdentifier>{36570b21-4609-4862-bd8b-35f44aaadcf3}</UniqueIdentifier>
    </Filter>
    <Filter Include="01.Levels">
      <UniqueIdentifier>{02fa58a0-71a2-43a6-8ea7-b9afaefabdbb}</UniqueIdentifier>
    </Filter>
    <Filter Include="01.Levels\00.Logo">
      <UniqueIdentifier>{4b76cbdf-e17c-479e-b336-dbc0273d53fa}</UniqueIdentifier>
    </Filter>
    <Filter Include="01.Levels\99.Loading">
      <UniqueIdentifier>{92ecc1ab-adb7-4226-81d1-c4d15c1af2c4}</UniqueIdentifier>
    </Filter>
    <Filter Include="01.Levels\01.Tutorial">
      <UniqueIdentifier>{553bce3a-df01-4330-b7e5-65997bc99111}</UniqueIdentifier>
    </Filter>
    <Filter Include="01.Levels\99.Loading\Loader">
      <UniqueIdentifier>{dedd8a06-2ff3-4649-a30a-8ec4d4621bd5}</UniqueIdentifier>
    </Filter>
    <Filter Include="01.Levels\02.Stage1">
      <UniqueIdentifier>{8c722d00-05fe-4678-a016-4684cde3315e}</UniqueIdentifier>
    </Filter>
    <Filter Include="01.Levels\03.Stage2">
      <UniqueIdentifier>{2620c76a-1b73-4853-8cc3-3552d756aaec}</UniqueIdentifier>
    </Filter>
    <Filter Include="02.GameObjects">
      <UniqueIdentifier>{054b6c62-d21f-42e6-b90c-f8c196fe1caa}</UniqueIdentifier>
    </Filter>
    <Filter Include="97.ShaderFiles">
      <UniqueIdentifier>{dcc73bad-e78e-408c-8fd9-dc8df0e6581e}</UniqueIdentifier>
    </Filter>
    <Filter Include="02.GameObjects\00.MainTitle">
      <UniqueIdentifier>{e7f1f613-21be-426f-b956-0be623277283}</UniqueIdentifier>
    </Filter>
  </ItemGroup>
  <ItemGroup>
    <ClInclude Include="Client.h">
      <Filter>98.Default</Filter>
    </ClInclude>
    <ClInclude Include="framework.h">
      <Filter>98.Default</Filter>
    </ClInclude>
    <ClInclude Include="Resource.h">
      <Filter>98.Default</Filter>
    </ClInclude>
    <ClInclude Include="targetver.h">
      <Filter>98.Default</Filter>
    </ClInclude>
    <ClInclude Include="..\Public\Client_Define.h">
      <Filter>99.Headers</Filter>
    </ClInclude>
    <ClInclude Include="..\public\MainApp.h">
      <Filter>00.MainApp</Filter>
    </ClInclude>
    <ClInclude Include="..\public\Level_Logo.h">
      <Filter>01.Levels\00.Logo</Filter>
    </ClInclude>
    <ClInclude Include="..\public\Level_Loading.h">
      <Filter>01.Levels\99.Loading</Filter>
    </ClInclude>
    <ClInclude Include="..\public\Loader.h">
      <Filter>01.Levels\99.Loading\Loader</Filter>
    </ClInclude>
    <ClInclude Include="..\public\Level_Tutorial.h">
      <Filter>01.Levels\01.Tutorial</Filter>
    </ClInclude>
    <ClInclude Include="..\public\Level_Stage1.h">
      <Filter>01.Levels\02.Stage1</Filter>
    </ClInclude>
    <ClInclude Include="..\public\Level_Stage2.h">
      <Filter>01.Levels\03.Stage2</Filter>
    </ClInclude>
    <ClInclude Include="..\Public\Loading_Objects.h">
      <Filter>99.Headers</Filter>
    </ClInclude>
    <ClInclude Include="..\public\BackGround.h">
      <Filter>02.GameObjects\00.MainTitle</Filter>
    </ClInclude>
    <ClInclude Include="..\public\Logo.h">
      <Filter>02.GameObjects\00.MainTitle</Filter>
    </ClInclude>
    <ClInclude Include="..\public\Start_Btn.h">
      <Filter>02.GameObjects\00.MainTitle</Filter>
    </ClInclude>
  </ItemGroup>
  <ItemGroup>
    <Image Include="Client.ico">
      <Filter>98.Default</Filter>
    </Image>
    <Image Include="small.ico">
      <Filter>98.Default</Filter>
    </Image>
  </ItemGroup>
  <ItemGroup>
    <ResourceCompile Include="Client.rc">
      <Filter>98.Default</Filter>
    </ResourceCompile>
  </ItemGroup>
  <ItemGroup>
    <ClCompile Include="Client.cpp">
      <Filter>98.Default</Filter>
    </ClCompile>
    <ClCompile Include="..\private\MainApp.cpp">
      <Filter>00.MainApp</Filter>
    </ClCompile>
    <ClCompile Include="..\private\Level_Logo.cpp">
      <Filter>01.Levels\00.Logo</Filter>
    </ClCompile>
    <ClCompile Include="..\private\Level_Loading.cpp">
      <Filter>01.Levels\99.Loading</Filter>
    </ClCompile>
    <ClCompile Include="..\private\Loader.cpp">
      <Filter>01.Levels\99.Loading\Loader</Filter>
    </ClCompile>
    <ClCompile Include="..\private\Level_Tutorial.cpp">
      <Filter>01.Levels\01.Tutorial</Filter>
    </ClCompile>
    <ClCompile Include="..\private\Level_Stage1.cpp">
      <Filter>01.Levels\02.Stage1</Filter>
    </ClCompile>
    <ClCompile Include="..\private\Level_Stage2.cpp">
      <Filter>01.Levels\03.Stage2</Filter>
    </ClCompile>
    <ClCompile Include="..\private\BackGround.cpp">
      <Filter>02.GameObjects\00.MainTitle</Filter>
    </ClCompile>
    <ClCompile Include="..\private\Logo.cpp">
      <Filter>02.GameObjects\00.MainTitle</Filter>
    </ClCompile>
    <ClCompile Include="..\private\Start_Btn.cpp">
      <Filter>02.GameObjects\00.MainTitle</Filter>
    </ClCompile>
  </ItemGroup>
  <ItemGroup>
    <FxCompile Include="..\Bin\ShaderFiles\Shader_Vtxtex.hlsl">
      <Filter>97.ShaderFiles</Filter>
    </FxCompile>
  </ItemGroup>
</Project>