<?xml version="1.0" encoding="utf-8"?>
<Project ToolsVersion="4.0" xmlns="http://schemas.microsoft.com/developer/msbuild/2003">
  <ItemGroup>
    <Filter Include="99.Headers">
      <UniqueIdentifier>{4c7e0d40-da79-4c06-a758-a09334bdb030}</UniqueIdentifier>
    </Filter>
    <Filter Include="98.Default">
      <UniqueIdentifier>{564e347a-3533-46a9-ab01-2f314315b328}</UniqueIdentifier>
    </Filter>
    <Filter Include="00.MainApp">
      <UniqueIdentifier>{36570b21-4609-4862-bd8b-35f44aaadcf3}</UniqueIdentifier>
    </Filter>
    <Filter Include="01.Levels">
      <UniqueIdentifier>{02fa58a0-71a2-43a6-8ea7-b9afaefabdbb}</UniqueIdentifier>
    </Filter>
    <Filter Include="01.Levels\00.Logo">
      <UniqueIdentifier>{4b76cbdf-e17c-479e-b336-dbc0273d53fa}</UniqueIdentifier>
    </Filter>
    <Filter Include="01.Levels\99.Loading">
      <UniqueIdentifier>{92ecc1ab-adb7-4226-81d1-c4d15c1af2c4}</UniqueIdentifier>
    </Filter>
    <Filter Include="01.Levels\99.Loading\Loader">
      <UniqueIdentifier>{dedd8a06-2ff3-4649-a30a-8ec4d4621bd5}</UniqueIdentifier>
    </Filter>
    <Filter Include="02.GameObjects">
      <UniqueIdentifier>{054b6c62-d21f-42e6-b90c-f8c196fe1caa}</UniqueIdentifier>
    </Filter>
    <Filter Include="97.ShaderFiles">
      <UniqueIdentifier>{dcc73bad-e78e-408c-8fd9-dc8df0e6581e}</UniqueIdentifier>
    </Filter>
    <Filter Include="02.GameObjects\01.Cameras">
      <UniqueIdentifier>{b7d137b1-ab23-4ca5-bb53-a886447fdb96}</UniqueIdentifier>
    </Filter>
    <Filter Include="01.Levels\01.CreateCharacter">
      <UniqueIdentifier>{70251f57-bd87-4fde-a405-6ad6cb1ec715}</UniqueIdentifier>
    </Filter>
    <Filter Include="01.Levels\02.Tutorial">
      <UniqueIdentifier>{553bce3a-df01-4330-b7e5-65997bc99111}</UniqueIdentifier>
    </Filter>
    <Filter Include="01.Levels\03.Stage1">
      <UniqueIdentifier>{8c722d00-05fe-4678-a016-4684cde3315e}</UniqueIdentifier>
    </Filter>
    <Filter Include="01.Levels\04.Stage2">
      <UniqueIdentifier>{2620c76a-1b73-4853-8cc3-3552d756aaec}</UniqueIdentifier>
    </Filter>
    <Filter Include="02.GameObjects\99.LoadingObjects">
      <UniqueIdentifier>{12aa9e06-4b1a-4fed-9f44-3aa5672b4879}</UniqueIdentifier>
    </Filter>
    <Filter Include="02.GameObjects\00.GUI">
      <UniqueIdentifier>{e0d5ad9b-e7fd-4eac-ba75-3986bdb730bf}</UniqueIdentifier>
    </Filter>
    <Filter Include="02.GameObjects\00.GUI\00.MainTitle">
      <UniqueIdentifier>{e7f1f613-21be-426f-b956-0be623277283}</UniqueIdentifier>
    </Filter>
    <Filter Include="02.GameObjects\00.GUI\01.CreateCharacter">
      <UniqueIdentifier>{ea7699e0-c5ba-4dc1-8c50-780e6566e819}</UniqueIdentifier>
    </Filter>
    <Filter Include="02.GameObjects\02.Terrain">
      <UniqueIdentifier>{90c92c05-d88a-4fc5-b24f-462b98f98a77}</UniqueIdentifier>
    </Filter>
    <Filter Include="02.GameObjects\98.Sky">
      <UniqueIdentifier>{d3a23928-1a41-4ec2-99aa-5c23dd00543d}</UniqueIdentifier>
    </Filter>
    <Filter Include="02.GameObjects\03.Player">
      <UniqueIdentifier>{5557466c-214f-4ff9-85f9-dd1f819f08b6}</UniqueIdentifier>
    </Filter>
    <Filter Include="02.GameObjects\01.Cameras\99.Debug">
      <UniqueIdentifier>{c96fa7c0-0a1c-4db8-ac4e-828ec9e715dd}</UniqueIdentifier>
    </Filter>
    <Filter Include="02.GameObjects\01.Cameras\00.Main">
      <UniqueIdentifier>{e16c9a97-25e3-488f-b526-e54dcf940fc6}</UniqueIdentifier>
    </Filter>
    <Filter Include="02.GameObjects\00.GUI\02.Hud">
      <UniqueIdentifier>{96a83024-ad79-4bd9-a8f3-3fd584767fc1}</UniqueIdentifier>
    </Filter>
    <Filter Include="02.GameObjects\00.GUI\02.Hud\HPBar_Player">
      <UniqueIdentifier>{1692f2c1-096e-4592-ae8b-318df7604533}</UniqueIdentifier>
    </Filter>
    <Filter Include="02.GameObjects\00.GUI\02.Hud\HPBar_Player\Base">
      <UniqueIdentifier>{cc23cb6b-6c8a-445c-a8a0-cd0f01b60c7f}</UniqueIdentifier>
    </Filter>
    <Filter Include="02.GameObjects\00.GUI\02.Hud\Slots">
      <UniqueIdentifier>{33153331-edbf-4894-b38e-ba61b801cfdf}</UniqueIdentifier>
    </Filter>
    <Filter Include="02.GameObjects\00.GUI\02.Hud\Slots\Skill">
      <UniqueIdentifier>{91045042-34b1-4559-90b4-4b324669b779}</UniqueIdentifier>
    </Filter>
    <Filter Include="02.GameObjects\00.GUI\02.Hud\Slots\Tool">
      <UniqueIdentifier>{382acfa1-b0c3-4399-8ad2-f9d6795ba528}</UniqueIdentifier>
    </Filter>
    <Filter Include="02.GameObjects\00.GUI\02.Hud\Slots\Tool\Base">
      <UniqueIdentifier>{43948878-d190-4272-acf5-795b53c7eeda}</UniqueIdentifier>
    </Filter>
    <Filter Include="02.GameObjects\00.GUI\02.Hud\Slots\Skill\Base">
      <UniqueIdentifier>{bbd70bf7-b7a8-4f19-b3a6-18e3999f356e}</UniqueIdentifier>
    </Filter>
    <Filter Include="02.GameObjects\00.GUI\01.CreateCharacter\00.BackGround">
      <UniqueIdentifier>{4a950a8d-46e1-40a9-b7f3-43447c5016f3}</UniqueIdentifier>
    </Filter>
    <Filter Include="02.GameObjects\00.GUI\01.CreateCharacter\01.Title">
      <UniqueIdentifier>{eacac11a-2126-4636-9d3c-22d3b972692b}</UniqueIdentifier>
    </Filter>
    <Filter Include="02.GameObjects\00.GUI\01.CreateCharacter\02.Parts_Window">
      <UniqueIdentifier>{b7e614df-45f6-42d8-8533-013818827322}</UniqueIdentifier>
    </Filter>
    <Filter Include="02.GameObjects\04.Sandman">
      <UniqueIdentifier>{c216a115-63c5-4700-af2d-e072b844cef2}</UniqueIdentifier>
    </Filter>
    <Filter Include="02.GameObjects\02.Terrain\Collider">
      <UniqueIdentifier>{cb5d90e4-68f2-4033-b4d9-22fc6efdfc8b}</UniqueIdentifier>
    </Filter>
    <Filter Include="02.GameObjects\03.Player\Parts">
      <UniqueIdentifier>{caf63f51-0e3f-4b19-8fe7-1a72f98d5ce3}</UniqueIdentifier>
    </Filter>
    <Filter Include="02.GameObjects\05.Kurama">
      <UniqueIdentifier>{e51f0c84-afe1-458b-84df-2a92e4170b7c}</UniqueIdentifier>
    </Filter>
    <Filter Include="02.GameObjects\06.Kakashi">
      <UniqueIdentifier>{881dd4f4-7486-41f7-aec4-d0ce64430e97}</UniqueIdentifier>
    </Filter>
    <Filter Include="02.GameObjects\07.Effects">
      <UniqueIdentifier>{640e04b0-e4fe-46a5-ac69-0f034b206a0c}</UniqueIdentifier>
    </Filter>
    <Filter Include="02.GameObjects\05.Kurama\Effects">
      <UniqueIdentifier>{39896861-6f4c-4b83-b312-248fb9daa6b5}</UniqueIdentifier>
    </Filter>
    <Filter Include="02.GameObjects\03.Player\Projectile">
      <UniqueIdentifier>{bb8f7c06-5291-49b4-b034-b639d8229b76}</UniqueIdentifier>
    </Filter>
    <Filter Include="02.GameObjects\03.Player\Projectile\Kunai">
      <UniqueIdentifier>{d9215233-9311-4ad8-93c2-9fc79be2e687}</UniqueIdentifier>
    </Filter>
    <Filter Include="02.GameObjects\03.Player\Projectile\RasenShuri">
      <UniqueIdentifier>{31093422-0873-4904-8e1b-19eb40beff09}</UniqueIdentifier>
    </Filter>
    <Filter Include="02.GameObjects\03.Player\Effect">
      <UniqueIdentifier>{aec77e1e-704e-46fa-be1b-a47c79245aaa}</UniqueIdentifier>
    </Filter>
  </ItemGroup>
  <ItemGroup>
    <ClInclude Include="Client.h">
      <Filter>98.Default</Filter>
    </ClInclude>
    <ClInclude Include="framework.h">
      <Filter>98.Default</Filter>
    </ClInclude>
    <ClInclude Include="Resource.h">
      <Filter>98.Default</Filter>
    </ClInclude>
    <ClInclude Include="targetver.h">
      <Filter>98.Default</Filter>
    </ClInclude>
    <ClInclude Include="..\Public\Client_Define.h">
      <Filter>99.Headers</Filter>
    </ClInclude>
    <ClInclude Include="..\public\MainApp.h">
      <Filter>00.MainApp</Filter>
    </ClInclude>
    <ClInclude Include="..\public\Level_Logo.h">
      <Filter>01.Levels\00.Logo</Filter>
    </ClInclude>
    <ClInclude Include="..\public\Level_Loading.h">
      <Filter>01.Levels\99.Loading</Filter>
    </ClInclude>
    <ClInclude Include="..\public\Loader.h">
      <Filter>01.Levels\99.Loading\Loader</Filter>
    </ClInclude>
    <ClInclude Include="..\public\Level_Tutorial.h">
      <Filter>01.Levels\02.Tutorial</Filter>
    </ClInclude>
    <ClInclude Include="..\public\Level_Stage1.h">
      <Filter>01.Levels\03.Stage1</Filter>
    </ClInclude>
    <ClInclude Include="..\public\Level_BossStage.h">
      <Filter>01.Levels\04.Stage2</Filter>
    </ClInclude>
    <ClInclude Include="..\public\BackGround.h">
      <Filter>02.GameObjects\00.GUI\00.MainTitle</Filter>
    </ClInclude>
    <ClInclude Include="..\public\Logo.h">
      <Filter>02.GameObjects\00.GUI\00.MainTitle</Filter>
    </ClInclude>
    <ClInclude Include="..\public\Loading_Screen.h">
      <Filter>02.GameObjects\99.LoadingObjects</Filter>
    </ClInclude>
    <ClInclude Include="..\public\Loading_Icon.h">
      <Filter>02.GameObjects\99.LoadingObjects</Filter>
    </ClInclude>
    <ClInclude Include="..\public\Level_CreateCharacter.h">
      <Filter>01.Levels\01.CreateCharacter</Filter>
    </ClInclude>
    <ClInclude Include="..\public\SubTitle.h">
      <Filter>02.GameObjects\00.GUI\00.MainTitle</Filter>
    </ClInclude>
    <ClInclude Include="..\public\Terrain.h">
      <Filter>02.GameObjects\02.Terrain</Filter>
    </ClInclude>
    <ClInclude Include="..\Public\Sky.h">
      <Filter>02.GameObjects\98.Sky</Filter>
    </ClInclude>
    <ClInclude Include="..\public\Player.h">
      <Filter>02.GameObjects\03.Player</Filter>
    </ClInclude>
    <ClInclude Include="..\public\Camera_Main.h">
      <Filter>02.GameObjects\01.Cameras\00.Main</Filter>
    </ClInclude>
    <ClInclude Include="..\public\Camera_Debug.h">
      <Filter>02.GameObjects\01.Cameras\99.Debug</Filter>
    </ClInclude>
    <ClInclude Include="..\public\Parts_Window.h">
      <Filter>02.GameObjects\00.GUI\01.CreateCharacter\02.Parts_Window</Filter>
    </ClInclude>
    <ClInclude Include="..\Public\Loading_Objects.h">
      <Filter>01.Levels\99.Loading\Loader</Filter>
    </ClInclude>
    <ClInclude Include="..\public\HpBar_Player.h">
      <Filter>02.GameObjects\00.GUI\02.Hud\HPBar_Player</Filter>
    </ClInclude>
    <ClInclude Include="..\Public\HpBar_Player_Base.h">
      <Filter>02.GameObjects\00.GUI\02.Hud\HPBar_Player\Base</Filter>
    </ClInclude>
    <ClInclude Include="..\Public\SlotBase_Tool.h">
      <Filter>02.GameObjects\00.GUI\02.Hud\Slots\Tool\Base</Filter>
    </ClInclude>
    <ClInclude Include="..\Public\SlotBase_Skill.h">
      <Filter>02.GameObjects\00.GUI\02.Hud\Slots\Skill\Base</Filter>
    </ClInclude>
    <ClInclude Include="..\public\BackGround_CreateCharacter.h">
      <Filter>02.GameObjects\00.GUI\01.CreateCharacter\00.BackGround</Filter>
    </ClInclude>
    <ClInclude Include="..\public\Title_Custom.h">
      <Filter>02.GameObjects\00.GUI\01.CreateCharacter\01.Title</Filter>
    </ClInclude>
    <ClInclude Include="..\public\Sandman.h">
      <Filter>02.GameObjects\04.Sandman</Filter>
    </ClInclude>
    <ClInclude Include="..\public\MapCollider.h">
      <Filter>02.GameObjects\02.Terrain\Collider</Filter>
    </ClInclude>
    <ClInclude Include="..\Public\UI_Manager.h">
      <Filter>02.GameObjects\00.GUI</Filter>
    </ClInclude>
    <ClInclude Include="..\public\Button_Common.h">
      <Filter>02.GameObjects\00.GUI</Filter>
    </ClInclude>
    <ClInclude Include="..\public\BodyPart.h">
      <Filter>02.GameObjects\03.Player\Parts</Filter>
    </ClInclude>
    <ClInclude Include="..\public\Kurama.h">
      <Filter>02.GameObjects\05.Kurama</Filter>
    </ClInclude>
    <ClInclude Include="..\public\Kakashi.h">
      <Filter>02.GameObjects\06.Kakashi</Filter>
    </ClInclude>
    <ClInclude Include="..\public\Effect.h">
      <Filter>02.GameObjects\07.Effects</Filter>
    </ClInclude>
    <ClInclude Include="..\public\MiniBomb.h">
      <Filter>02.GameObjects\05.Kurama\Effects</Filter>
    </ClInclude>
    <ClInclude Include="..\Public\Kunai.h">
      <Filter>02.GameObjects\03.Player\Projectile\Kunai</Filter>
    </ClInclude>
    <ClInclude Include="..\public\RasenShurikan.h">
      <Filter>02.GameObjects\03.Player\Projectile\RasenShuri</Filter>
    </ClInclude>
    <ClInclude Include="..\public\FootTrail.h">
      <Filter>02.GameObjects\03.Player\Effect</Filter>
    </ClInclude>
  </ItemGroup>
  <ItemGroup>
    <Image Include="Client.ico">
      <Filter>98.Default</Filter>
    </Image>
    <Image Include="small.ico">
      <Filter>98.Default</Filter>
    </Image>
  </ItemGroup>
  <ItemGroup>
    <ResourceCompile Include="Client.rc">
      <Filter>98.Default</Filter>
    </ResourceCompile>
  </ItemGroup>
  <ItemGroup>
    <ClCompile Include="Client.cpp">
      <Filter>98.Default</Filter>
    </ClCompile>
    <ClCompile Include="..\private\MainApp.cpp">
      <Filter>00.MainApp</Filter>
    </ClCompile>
    <ClCompile Include="..\private\Level_Logo.cpp">
      <Filter>01.Levels\00.Logo</Filter>
    </ClCompile>
    <ClCompile Include="..\private\Level_Loading.cpp">
      <Filter>01.Levels\99.Loading</Filter>
    </ClCompile>
    <ClCompile Include="..\private\Loader.cpp">
      <Filter>01.Levels\99.Loading\Loader</Filter>
    </ClCompile>
    <ClCompile Include="..\private\Level_Tutorial.cpp">
      <Filter>01.Levels\02.Tutorial</Filter>
    </ClCompile>
    <ClCompile Include="..\private\Level_Stage1.cpp">
      <Filter>01.Levels\03.Stage1</Filter>
    </ClCompile>
    <ClCompile Include="..\private\Level_BossStage.cpp">
      <Filter>01.Levels\04.Stage2</Filter>
    </ClCompile>
    <ClCompile Include="..\private\BackGround.cpp">
      <Filter>02.GameObjects\00.GUI\00.MainTitle</Filter>
    </ClCompile>
    <ClCompile Include="..\private\Logo.cpp">
      <Filter>02.GameObjects\00.GUI\00.MainTitle</Filter>
    </ClCompile>
    <ClCompile Include="..\private\Loading_Screen.cpp">
      <Filter>02.GameObjects\99.LoadingObjects</Filter>
    </ClCompile>
    <ClCompile Include="..\private\Loading_Icon.cpp">
      <Filter>02.GameObjects\99.LoadingObjects</Filter>
    </ClCompile>
    <ClCompile Include="..\private\Level_CreateCharacter.cpp">
      <Filter>01.Levels\01.CreateCharacter</Filter>
    </ClCompile>
    <ClCompile Include="..\private\SubTitle.cpp">
      <Filter>02.GameObjects\00.GUI\00.MainTitle</Filter>
    </ClCompile>
    <ClCompile Include="..\private\Terrain.cpp">
      <Filter>02.GameObjects\02.Terrain</Filter>
    </ClCompile>
    <ClCompile Include="..\Private\Sky.cpp">
      <Filter>02.GameObjects\98.Sky</Filter>
    </ClCompile>
    <ClCompile Include="..\private\Player.cpp">
      <Filter>02.GameObjects\03.Player</Filter>
    </ClCompile>
    <ClCompile Include="..\private\Camera_Main.cpp">
      <Filter>02.GameObjects\01.Cameras\00.Main</Filter>
    </ClCompile>
    <ClCompile Include="..\private\Camera_Debug.cpp">
      <Filter>02.GameObjects\01.Cameras\99.Debug</Filter>
    </ClCompile>
    <ClCompile Include="..\private\Parts_Window.cpp">
      <Filter>02.GameObjects\00.GUI\01.CreateCharacter\02.Parts_Window</Filter>
    </ClCompile>
    <ClCompile Include="..\private\HpBar_Player.cpp">
      <Filter>02.GameObjects\00.GUI\02.Hud\HPBar_Player</Filter>
    </ClCompile>
    <ClCompile Include="..\Private\HpBar_Player_Base.cpp">
      <Filter>02.GameObjects\00.GUI\02.Hud\HPBar_Player\Base</Filter>
    </ClCompile>
    <ClCompile Include="..\Private\SlotBase_Tool.cpp">
      <Filter>02.GameObjects\00.GUI\02.Hud\Slots\Tool\Base</Filter>
    </ClCompile>
    <ClCompile Include="..\Private\SlotBase_Skill.cpp">
      <Filter>02.GameObjects\00.GUI\02.Hud\Slots\Skill\Base</Filter>
    </ClCompile>
    <ClCompile Include="..\private\BackGround_CreateCharacter.cpp">
      <Filter>02.GameObjects\00.GUI\01.CreateCharacter\00.BackGround</Filter>
    </ClCompile>
    <ClCompile Include="..\private\Title_Custom.cpp">
      <Filter>02.GameObjects\00.GUI\01.CreateCharacter\01.Title</Filter>
    </ClCompile>
    <ClCompile Include="..\private\Sandman.cpp">
      <Filter>02.GameObjects\04.Sandman</Filter>
    </ClCompile>
    <ClCompile Include="..\private\MapCollider.cpp">
      <Filter>02.GameObjects\02.Terrain\Collider</Filter>
    </ClCompile>
    <ClCompile Include="..\Private\UI_Manager.cpp">
      <Filter>02.GameObjects\00.GUI</Filter>
    </ClCompile>
    <ClCompile Include="..\private\Button_Common.cpp">
      <Filter>02.GameObjects\00.GUI</Filter>
    </ClCompile>
    <ClCompile Include="..\private\BodyPart.cpp">
      <Filter>02.GameObjects\03.Player\Parts</Filter>
    </ClCompile>
    <ClCompile Include="..\private\Kurama.cpp">
      <Filter>02.GameObjects\05.Kurama</Filter>
    </ClCompile>
    <ClCompile Include="..\private\Kakashi.cpp">
      <Filter>02.GameObjects\06.Kakashi</Filter>
    </ClCompile>
    <ClCompile Include="..\private\Effect.cpp">
      <Filter>02.GameObjects\07.Effects</Filter>
    </ClCompile>
    <ClCompile Include="..\private\MiniBomb.cpp">
      <Filter>02.GameObjects\05.Kurama\Effects</Filter>
    </ClCompile>
    <ClCompile Include="..\Private\Kunai.cpp">
      <Filter>02.GameObjects\03.Player\Projectile\Kunai</Filter>
    </ClCompile>
    <ClCompile Include="..\private\RasenShurikan.cpp">
      <Filter>02.GameObjects\03.Player\Projectile\RasenShuri</Filter>
    </ClCompile>
    <ClCompile Include="..\private\FootTrail.cpp">
      <Filter>02.GameObjects\03.Player\Effect</Filter>
    </ClCompile>
  </ItemGroup>
  <ItemGroup>
    <FxCompile Include="..\Bin\ShaderFiles\Shader_Vtxtex.hlsl">
      <Filter>97.ShaderFiles</Filter>
    </FxCompile>
    <FxCompile Include="..\Bin\ShaderFiles\Shader_VtxNorTex.hlsl">
      <Filter>97.ShaderFiles</Filter>
    </FxCompile>
    <FxCompile Include="..\Bin\ShaderFiles\Shader_VtxCubeTex.hlsl">
      <Filter>97.ShaderFiles</Filter>
    </FxCompile>
    <FxCompile Include="..\Bin\ShaderFiles\Shader_VtxStatMesh.hlsl">
      <Filter>97.ShaderFiles</Filter>
    </FxCompile>
    <FxCompile Include="..\Bin\ShaderFiles\Shader_VtxAnimMesh.hlsl">
      <Filter>97.ShaderFiles</Filter>
    </FxCompile>
    <FxCompile Include="..\Bin\ShaderFiles\Shader_Vtxtex_Instancing.hlsl">
      <Filter>97.ShaderFiles</Filter>
    </FxCompile>
    <FxCompile Include="..\Bin\ShaderFiles\Shader_Vtxtex_Trail.hlsl">
      <Filter>97.ShaderFiles</Filter>
    </FxCompile>
  </ItemGroup>
</Project>